
Microsoft Visual Studio Solution File, Format Version 12.00
# Visual Studio Version 17
VisualStudioVersion = 17.8.34330.188
MinimumVisualStudioVersion = 10.0.40219.1
Project("{FAE04EC0-301F-11D3-BF4B-00C04F79EFBC}") = "DocGenerator", "DocGenerator\DocGenerator.csproj", "{9706C886-ED7F-4CFB-9D62-7DD4DE2D7BB1}"
EndProject
Global
	GlobalSection(SolutionConfigurationPlatforms) = preSolution
		Debug|Any CPU = Debug|Any CPU
		Release|Any CPU = Release|Any CPU
	EndGlobalSection
	GlobalSection(ProjectConfigurationPlatforms) = postSolution
		{9706C886-ED7F-4CFB-9D62-7DD4DE2D7BB1}.Debug|Any CPU.ActiveCfg = Debug|Any CPU
		{9706C886-ED7F-4CFB-9D62-7DD4DE2D7BB1}.Debug|Any CPU.Build.0 = Debug|Any CPU
		{9706C886-ED7F-4CFB-9D62-7DD4DE2D7BB1}.Release|Any CPU.ActiveCfg = Release|Any CPU
		{9706C886-ED7F-4CFB-9D62-7DD4DE2D7BB1}.Release|Any CPU.Build.0 = Release|Any CPU
	EndGlobalSection
	GlobalSection(SolutionProperties) = preSolution
		HideSolutionNode = FALSE
	EndGlobalSection
	GlobalSection(ExtensibilityGlobals) = postSolution
		SolutionGuid = {CE9D9348-FC4C-4B12-95F5-0C5DEAB05D9B}
	EndGlobalSection
EndGlobal
